
Microsoft Visual Studio Solution File, Format Version 12.00
# Visual Studio Version 17
VisualStudioVersion = 17.3.32901.215
MinimumVisualStudioVersion = 10.0.40219.1
Project("{FAE04EC0-301F-11D3-BF4B-00C04F79EFBC}") = "SETI", "SETI\SETI.csproj", "{F2B89AEF-9795-445A-9776-9DC457D99ECC}"
EndProject
Project("{00D1A9C2-B5F0-4AF3-8072-F6C62B433612}") = "DataHub", "DataHub\DataHub.sqlproj", "{A36FB94A-F408-4C5C-89EF-0728F73B9CC6}"
EndProject
Global
	GlobalSection(SolutionConfigurationPlatforms) = preSolution
		Debug|Any CPU = Debug|Any CPU
		Release|Any CPU = Release|Any CPU
	EndGlobalSection
	GlobalSection(ProjectConfigurationPlatforms) = postSolution
		{F2B89AEF-9795-445A-9776-9DC457D99ECC}.Debug|Any CPU.ActiveCfg = Debug|Any CPU
		{F2B89AEF-9795-445A-9776-9DC457D99ECC}.Debug|Any CPU.Build.0 = Debug|Any CPU
		{F2B89AEF-9795-445A-9776-9DC457D99ECC}.Release|Any CPU.ActiveCfg = Release|Any CPU
		{F2B89AEF-9795-445A-9776-9DC457D99ECC}.Release|Any CPU.Build.0 = Release|Any CPU
		{A36FB94A-F408-4C5C-89EF-0728F73B9CC6}.Debug|Any CPU.ActiveCfg = Debug|Any CPU
		{A36FB94A-F408-4C5C-89EF-0728F73B9CC6}.Debug|Any CPU.Build.0 = Debug|Any CPU
		{A36FB94A-F408-4C5C-89EF-0728F73B9CC6}.Debug|Any CPU.Deploy.0 = Debug|Any CPU
		{A36FB94A-F408-4C5C-89EF-0728F73B9CC6}.Release|Any CPU.ActiveCfg = Release|Any CPU
		{A36FB94A-F408-4C5C-89EF-0728F73B9CC6}.Release|Any CPU.Build.0 = Release|Any CPU
		{A36FB94A-F408-4C5C-89EF-0728F73B9CC6}.Release|Any CPU.Deploy.0 = Release|Any CPU
	EndGlobalSection
	GlobalSection(SolutionProperties) = preSolution
		HideSolutionNode = FALSE
	EndGlobalSection
	GlobalSection(ExtensibilityGlobals) = postSolution
		SolutionGuid = {3CEAE57A-88EA-44F5-8929-96B9DD3CA44B}
	EndGlobalSection
EndGlobal
